PODS:
  - JustPromises (3.2.0):
    - JustPromises/Objective-C (= 3.2.0)
  - JustPromises/Objective-C (3.2.0)

DEPENDENCIES:
  - JustPromises (from `../`)

EXTERNAL SOURCES:
  JustPromises:
    :path: "../"

SPEC CHECKSUMS:
  JustPromises: ebe478f94308f466b173b68798e6d4ed26464977

PODFILE CHECKSUM: a6c987f8947fa0ad8e8ba13606cef9fdcd006279

COCOAPODS: 1.5.3
